
Microsoft Visual Studio Solution File, Format Version 12.00
# Visual Studio Version 16
VisualStudioVersion = 16.0.31729.503
MinimumVisualStudioVersion = 10.0.40219.1
Project("{8BC9CEB8-8B4A-11D0-8D11-00A0C91BC942}") = "OniLauncher", "OniLauncher\OniLauncher.vcxproj", "{09DFA4E2-2EF8-43AA-8176-1117FA85CC1B}"
EndProject
Project("{8BC9CEB8-8B4A-11D0-8D11-00A0C91BC942}") = "OniPatch", "OniPatch\OniPatch.vcxproj", "{99658361-11E4-4E96-9636-5F27174EBDA2}"
EndProject
Global
	GlobalSection(SolutionConfigurationPlatforms) = preSolution
		Debug|x64 = Debug|x64
		Debug|x86 = Debug|x86
		Release|x64 = Release|x64
		Release|x86 = Release|x86
	EndGlobalSection
	GlobalSection(ProjectConfigurationPlatforms) = postSolution
		{09DFA4E2-2EF8-43AA-8176-1117FA85CC1B}.Debug|x64.ActiveCfg = Debug|x64
		{09DFA4E2-2EF8-43AA-8176-1117FA85CC1B}.Debug|x64.Build.0 = Debug|x64
		{09DFA4E2-2EF8-43AA-8176-1117FA85CC1B}.Debug|x86.ActiveCfg = Debug|Win32
		{09DFA4E2-2EF8-43AA-8176-1117FA85CC1B}.Debug|x86.Build.0 = Debug|Win32
		{09DFA4E2-2EF8-43AA-8176-1117FA85CC1B}.Release|x64.ActiveCfg = Release|x64
		{09DFA4E2-2EF8-43AA-8176-1117FA85CC1B}.Release|x64.Build.0 = Release|x64
		{09DFA4E2-2EF8-43AA-8176-1117FA85CC1B}.Release|x86.ActiveCfg = Release|Win32
		{09DFA4E2-2EF8-43AA-8176-1117FA85CC1B}.Release|x86.Build.0 = Release|Win32
		{99658361-11E4-4E96-9636-5F27174EBDA2}.Debug|x64.ActiveCfg = Debug|x64
		{99658361-11E4-4E96-9636-5F27174EBDA2}.Debug|x64.Build.0 = Debug|x64
		{99658361-11E4-4E96-9636-5F27174EBDA2}.Debug|x86.ActiveCfg = Debug|Win32
		{99658361-11E4-4E96-9636-5F27174EBDA2}.Debug|x86.Build.0 = Debug|Win32
		{99658361-11E4-4E96-9636-5F27174EBDA2}.Release|x64.ActiveCfg = Release|x64
		{99658361-11E4-4E96-9636-5F27174EBDA2}.Release|x64.Build.0 = Release|x64
		{99658361-11E4-4E96-9636-5F27174EBDA2}.Release|x86.ActiveCfg = Release|Win32
		{99658361-11E4-4E96-9636-5F27174EBDA2}.Release|x86.Build.0 = Release|Win32
	EndGlobalSection
	GlobalSection(SolutionProperties) = preSolution
		HideSolutionNode = FALSE
	EndGlobalSection
	GlobalSection(ExtensibilityGlobals) = postSolution
		SolutionGuid = {3BA0F383-3027-421A-BD76-574F5ACA3707}
	EndGlobalSection
EndGlobal
